
Microsoft Visual Studio Solution File, Format Version 12.00
# Visual Studio Version 16
VisualStudioVersion = 16.0.37027.11
MinimumVisualStudioVersion = 10.0.40219.1
Project("{FAE04EC0-301F-11D3-BF4B-00C04F79EFBC}") = "Task1", "Task1\Task1.csproj", "{1B603D4F-9EF3-4FE8-B555-FEC472252F0D}"
EndProject
Project("{FAE04EC0-301F-11D3-BF4B-00C04F79EFBC}") = "Task2", "Task2\Task2.csproj", "{2A90AFB3-CD51-4405-9333-D5DB55F7F422}"
EndProject
Global
	GlobalSection(SolutionConfigurationPlatforms) = preSolution
		Debug|Any CPU = Debug|Any CPU
		Release|Any CPU = Release|Any CPU
	EndGlobalSection
	GlobalSection(ProjectConfigurationPlatforms) = postSolution
		{1B603D4F-9EF3-4FE8-B555-FEC472252F0D}.Debug|Any CPU.ActiveCfg = Debug|Any CPU
		{1B603D4F-9EF3-4FE8-B555-FEC472252F0D}.Debug|Any CPU.Build.0 = Debug|Any CPU
		{1B603D4F-9EF3-4FE8-B555-FEC472252F0D}.Release|Any CPU.ActiveCfg = Release|Any CPU
		{1B603D4F-9EF3-4FE8-B555-FEC472252F0D}.Release|Any CPU.Build.0 = Release|Any CPU
		{2A90AFB3-CD51-4405-9333-D5DB55F7F422}.Debug|Any CPU.ActiveCfg = Debug|Any CPU
		{2A90AFB3-CD51-4405-9333-D5DB55F7F422}.Debug|Any CPU.Build.0 = Debug|Any CPU
		{2A90AFB3-CD51-4405-9333-D5DB55F7F422}.Release|Any CPU.ActiveCfg = Release|Any CPU
		{2A90AFB3-CD51-4405-9333-D5DB55F7F422}.Release|Any CPU.Build.0 = Release|Any CPU
	EndGlobalSection
	GlobalSection(SolutionProperties) = preSolution
		HideSolutionNode = FALSE
	EndGlobalSection
	GlobalSection(ExtensibilityGlobals) = postSolution
		SolutionGuid = {38D3490F-716C-4CE1-AAEB-BA4F12B8D53E}
	EndGlobalSection
EndGlobal
